{
  "name": "convert-excel-to-json",
  "version": "1.7.0",
  "lockfileVersion": 3,
  "requires": true,
  "packages": {
    "": {
      "name": "convert-excel-to-json",
      "version": "1.7.0",
      "license": "MIT",
      "dependencies": {
        "xlsx-republish": "^0.20.3"
      },
      "bin": {
        "convert-excel-to-json": "bin/cli.js"
      }
    },
    "node_modules/xlsx-republish": {
      "version": "0.20.3",
      "resolved": "https://registry.npmjs.org/xlsx-republish/-/xlsx-republish-0.20.3.tgz",
      "integrity": "sha512-iIO8XheF1Ml+78jeZQuowobWIpRW/IxVmQEUA0JUNhtdLvgn5xxWTiIkr2dslnDjVANtqRhUvYDfr+Nw3fw3Ug==",
      "license": "Apache-2.0",
      "bin": {
        "xlsx": "bin/xlsx.njs"
      },
      "engines": {
        "node": ">=0.8"
      }
    }
  }
}
